
Microsoft Visual Studio Solution File, Format Version 12.00
# Visual Studio 15
VisualStudioVersion = 15.0.28010.2016
MinimumVisualStudioVersion = 10.0.40219.1
Project("{FAE04EC0-301F-11D3-BF4B-00C04F79EFBC}") = "PScript", "PScript.csproj", "{48295C4E-808D-494F-8E2C-21F158AB38ED}"
EndProject
Global
	GlobalSection(SolutionConfigurationPlatforms) = preSolution
		Debug|Any CPU = Debug|Any CPU
		Release|Any CPU = Release|Any CPU
	EndGlobalSection
	GlobalSection(ProjectConfigurationPlatforms) = postSolution
		{48295C4E-808D-494F-8E2C-21F158AB38ED}.Debug|Any CPU.ActiveCfg = Debug|Any CPU
		{48295C4E-808D-494F-8E2C-21F158AB38ED}.Debug|Any CPU.Build.0 = Debug|Any CPU
		{48295C4E-808D-494F-8E2C-21F158AB38ED}.Release|Any CPU.ActiveCfg = Release|Any CPU
		{48295C4E-808D-494F-8E2C-21F158AB38ED}.Release|Any CPU.Build.0 = Release|Any CPU
	EndGlobalSection
	GlobalSection(SolutionProperties) = preSolution
		HideSolutionNode = FALSE
	EndGlobalSection
	GlobalSection(ExtensibilityGlobals) = postSolution
		SolutionGuid = {69056124-3E7C-41B4-8A0C-9F4FD857C996}
	EndGlobalSection
EndGlobal
